// !$*UTF8*$!
{
	archiveVersion = 1;
	classes = {
	};
	objectVersion = 56;
	objects = {

/* Begin PBXBuildFile section */
		5F73AADF2988ED7E00AFB2A7 /* main.swift in Sources */ = {isa = PBXBuildFile; fileRef = 5F73AADE2988ED7E00AFB2A7 /* main.swift */; };
		5F73AAE82988EE9100AFB2A7 /* MathCalculator.swift in Sources */ = {isa = PBXBuildFile; fileRef = 5F73AAE72988EE9100AFB2A7 /* MathCalculator.swift */; };
		5F73AAF22988EFED00AFB2A7 /* FooFramework.docc in Sources */ = {isa = PBXBuildFile; fileRef = 5F73AAF12988EFED00AFB2A7 /* FooFramework.docc */; };
		5F73AAF82988EFED00AFB2A7 /* FooFramework.framework in Frameworks */ = {isa = PBXBuildFile; fileRef = 5F73AAEE2988EFED00AFB2A7 /* FooFramework.framework */; };
		5F73AAFD2988EFED00AFB2A7 /* FooFrameworkTests.swift in Sources */ = {isa = PBXBuildFile; fileRef = 5F73AAFC2988EFED00AFB2A7 /* FooFrameworkTests.swift */; };
		5F73AAFE2988EFED00AFB2A7 /* FooFramework.h in Headers */ = {isa = PBXBuildFile; fileRef = 5F73AAF02988EFED00AFB2A7 /* FooFramework.h */; settings = {ATTRIBUTES = (Public, ); }; };
		5F73AB062988F05800AFB2A7 /* example.swift in Sources */ = {isa = PBXBuildFile; fileRef = 5F73AB052988F05800AFB2A7 /* example.swift */; };
/* End PBXBuildFile section */

/* Begin PBXContainerItemProxy section */
		5F73AAF92988EFED00AFB2A7 /* PBXContainerItemProxy */ = {
			isa = PBXContainerItemProxy;
			containerPortal = 5F73AAD32988ED7E00AFB2A7 /* Project object */;
			proxyType = 1;
			remoteGlobalIDString = 5F73AAED2988EFED00AFB2A7;
			remoteInfo = FooFramework;
		};
/* End PBXContainerItemProxy section */

/* Begin PBXCopyFilesBuildPhase section */
		5F73AAD92988ED7E00AFB2A7 /* CopyFiles */ = {
			isa = PBXCopyFilesBuildPhase;
			buildActionMask = 2147483647;
			dstPath = /usr/share/man/man1/;
			dstSubfolderSpec = 0;
			files = (
			);
			runOnlyForDeploymentPostprocessing = 1;
		};
/* End PBXCopyFilesBuildPhase section */

/* Begin PBXFileReference section */
		5F73AADB2988ED7E00AFB2A7 /* Access control */ = {isa = PBXFileReference; explicitFileType = "compiled.mach-o.executable"; includeInIndex = 0; path = "Access control"; sourceTree = BUILT_PRODUCTS_DIR; };
		5F73AADE2988ED7E00AFB2A7 /* main.swift */ = {isa = PBXFileReference; lastKnownFileType = sourcecode.swift; path = main.swift; sourceTree = "<group>"; };
		5F73AAE72988EE9100AFB2A7 /* MathCalculator.swift */ = {isa = PBXFileReference; lastKnownFileType = sourcecode.swift; path = MathCalculator.swift; sourceTree = "<group>"; };
		5F73AAEE2988EFED00AFB2A7 /* FooFramework.framework */ = {isa = PBXFileReference; explicitFileType = wrapper.framework; includeInIndex = 0; path = FooFramework.framework; sourceTree = BUILT_PRODUCTS_DIR; };
		5F73AAF02988EFED00AFB2A7 /* FooFramework.h */ = {isa = PBXFileReference; lastKnownFileType = sourcecode.c.h; path = FooFramework.h; sourceTree = "<group>"; };
		5F73AAF12988EFED00AFB2A7 /* FooFramework.docc */ = {isa = PBXFileReference; lastKnownFileType = folder.documentationcatalog; path = FooFramework.docc; sourceTree = "<group>"; };
		5F73AAF72988EFED00AFB2A7 /* FooFrameworkTests.xctest */ = {isa = PBXFileReference; explicitFileType = wrapper.cfbundle; includeInIndex = 0; path = FooFrameworkTests.xctest; sourceTree = BUILT_PRODUCTS_DIR; };
		5F73AAFC2988EFED00AFB2A7 /* FooFrameworkTests.swift */ = {isa = PBXFileReference; lastKnownFileType = sourcecode.swift; path = FooFrameworkTests.swift; sourceTree = "<group>"; };
		5F73AB052988F05800AFB2A7 /* example.swift */ = {isa = PBXFileReference; lastKnownFileType = sourcecode.swift; path = example.swift; sourceTree = "<group>"; };
/* End PBXFileReference section */

/* Begin PBXFrameworksBuildPhase section */
		5F73AAD82988ED7E00AFB2A7 /* Frameworks */ = {
			isa = PBXFrameworksBuildPhase;
			buildActionMask = 2147483647;
			files = (
			);
			runOnlyForDeploymentPostprocessing = 0;
		};
		5F73AAEB2988EFED00AFB2A7 /* Frameworks */ = {
			isa = PBXFrameworksBuildPhase;
			buildActionMask = 2147483647;
			files = (
			);
			runOnlyForDeploymentPostprocessing = 0;
		};
		5F73AAF42988EFED00AFB2A7 /* Frameworks */ = {
			isa = PBXFrameworksBuildPhase;
			buildActionMask = 2147483647;
			files = (
				5F73AAF82988EFED00AFB2A7 /* FooFramework.framework in Frameworks */,
			);
			runOnlyForDeploymentPostprocessing = 0;
		};
/* End PBXFrameworksBuildPhase section */

/* Begin PBXGroup section */
		5F73AAD22988ED7E00AFB2A7 = {
			isa = PBXGroup;
			children = (
				5F73AADD2988ED7E00AFB2A7 /* Access control */,
				5F73AAEF2988EFED00AFB2A7 /* FooFramework */,
				5F73AAFB2988EFED00AFB2A7 /* FooFrameworkTests */,
				5F73AADC2988ED7E00AFB2A7 /* Products */,
			);
			sourceTree = "<group>";
		};
		5F73AADC2988ED7E00AFB2A7 /* Products */ = {
			isa = PBXGroup;
			children = (
				5F73AADB2988ED7E00AFB2A7 /* Access control */,
				5F73AAEE2988EFED00AFB2A7 /* FooFramework.framework */,
				5F73AAF72988EFED00AFB2A7 /* FooFrameworkTests.xctest */,
			);
			name = Products;
			sourceTree = "<group>";
		};
		5F73AADD2988ED7E00AFB2A7 /* Access control */ = {
			isa = PBXGroup;
			children = (
				5F73AADE2988ED7E00AFB2A7 /* main.swift */,
				5F73AAE72988EE9100AFB2A7 /* MathCalculator.swift */,
			);
			path = "Access control";
			sourceTree = "<group>";
		};
		5F73AAEF2988EFED00AFB2A7 /* FooFramework */ = {
			isa = PBXGroup;
			children = (
				5F73AAF02988EFED00AFB2A7 /* FooFramework.h */,
				5F73AAF12988EFED00AFB2A7 /* FooFramework.docc */,
				5F73AB052988F05800AFB2A7 /* example.swift */,
			);
			path = FooFramework;
			sourceTree = "<group>";
		};
		5F73AAFB2988EFED00AFB2A7 /* FooFrameworkTests */ = {
			isa = PBXGroup;
			children = (
				5F73AAFC2988EFED00AFB2A7 /* FooFrameworkTests.swift */,
			);
			path = FooFrameworkTests;
			sourceTree = "<group>";
		};
/* End PBXGroup section */

/* Begin PBXHeadersBuildPhase section */
		5F73AAE92988EFED00AFB2A7 /* Headers */ = {
			isa = PBXHeadersBuildPhase;
			buildActionMask = 2147483647;
			files = (
				5F73AAFE2988EFED00AFB2A7 /* FooFramework.h in Headers */,
			);
			runOnlyForDeploymentPostprocessing = 0;
		};
/* End PBXHeadersBuildPhase section */

/* Begin PBXNativeTarget section */
		5F73AADA2988ED7E00AFB2A7 /* Access control */ = {
			isa = PBXNativeTarget;
			buildConfigurationList = 5F73AAE22988ED7E00AFB2A7 /* Build configuration list for PBXNativeTarget "Access control" */;
			buildPhases = (
				5F73AAD72988ED7E00AFB2A7 /* Sources */,
				5F73AAD82988ED7E00AFB2A7 /* Frameworks */,
				5F73AAD92988ED7E00AFB2A7 /* CopyFiles */,
			);
			buildRules = (
			);
			dependencies = (
			);
			name = "Access control";
			productName = "Access control";
			productReference = 5F73AADB2988ED7E00AFB2A7 /* Access control */;
			productType = "com.apple.product-type.tool";
		};
		5F73AAED2988EFED00AFB2A7 /* FooFramework */ = {
			isa = PBXNativeTarget;
			buildConfigurationList = 5F73AAFF2988EFED00AFB2A7 /* Build configuration list for PBXNativeTarget "FooFramework" */;
			buildPhases = (
				5F73AAE92988EFED00AFB2A7 /* Headers */,
				5F73AAEA2988EFED00AFB2A7 /* Sources */,
				5F73AAEB2988EFED00AFB2A7 /* Frameworks */,
				5F73AAEC2988EFED00AFB2A7 /* Resources */,
			);
			buildRules = (
			);
			dependencies = (
			);
			name = FooFramework;
			productName = FooFramework;
			productReference = 5F73AAEE2988EFED00AFB2A7 /* FooFramework.framework */;
			productType = "com.apple.product-type.framework";
		};
		5F73AAF62988EFED00AFB2A7 /* FooFrameworkTests */ = {
			isa = PBXNativeTarget;
			buildConfigurationList = 5F73AB022988EFED00AFB2A7 /* Build configuration list for PBXNativeTarget "FooFrameworkTests" */;
			buildPhases = (
				5F73AAF32988EFED00AFB2A7 /* Sources */,
				5F73AAF42988EFED00AFB2A7 /* Frameworks */,
				5F73AAF52988EFED00AFB2A7 /* Resources */,
			);
			buildRules = (
			);
			dependencies = (
				5F73AAFA2988EFED00AFB2A7 /* PBXTargetDependency */,
			);
			name = FooFrameworkTests;
			productName = FooFrameworkTests;
			productReference = 5F73AAF72988EFED00AFB2A7 /* FooFrameworkTests.xctest */;
			productType = "com.apple.product-type.bundle.unit-test";
		};
/* End PBXNativeTarget section */

/* Begin PBXProject section */
		5F73AAD32988ED7E00AFB2A7 /* Project object */ = {
			isa = PBXProject;
			attributes = {
				BuildIndependentTargetsInParallel = 1;
				LastSwiftUpdateCheck = 1420;
				LastUpgradeCheck = 1420;
				TargetAttributes = {
					5F73AADA2988ED7E00AFB2A7 = {
						CreatedOnToolsVersion = 14.2;
					};
					5F73AAED2988EFED00AFB2A7 = {
						CreatedOnToolsVersion = 14.2;
					};
					5F73AAF62988EFED00AFB2A7 = {
						CreatedOnToolsVersion = 14.2;
					};
				};
			};
			buildConfigurationList = 5F73AAD62988ED7E00AFB2A7 /* Build configuration list for PBXProject "Access control" */;
			compatibilityVersion = "Xcode 14.0";
			developmentRegion = en;
			hasScannedForEncodings = 0;
			knownRegions = (
				en,
				Base,
			);
			mainGroup = 5F73AAD22988ED7E00AFB2A7;
			productRefGroup = 5F73AADC2988ED7E00AFB2A7 /* Products */;
			projectDirPath = "";
			projectRoot = "";
			targets = (
				5F73AADA2988ED7E00AFB2A7 /* Access control */,
				5F73AAED2988EFED00AFB2A7 /* FooFramework */,
				5F73AAF62988EFED00AFB2A7 /* FooFrameworkTests */,
			);
		};
/* End PBXProject section */

/* Begin PBXResourcesBuildPhase section */
		5F73AAEC2988EFED00AFB2A7 /* Resources */ = {
			isa = PBXResourcesBuildPhase;
			buildActionMask = 2147483647;
			files = (
			);
			runOnlyForDeploymentPostprocessing = 0;
		};
		5F73AAF52988EFED00AFB2A7 /* Resources */ = {
			isa = PBXResourcesBuildPhase;
			buildActionMask = 2147483647;
			files = (
			);
			runOnlyForDeploymentPostprocessing = 0;
		};
/* End PBXResourcesBuildPhase section */

/* Begin PBXSourcesBuildPhase section */
		5F73AAD72988ED7E00AFB2A7 /* Sources */ = {
			isa = PBXSourcesBuildPhase;
			buildActionMask = 2147483647;
			files = (
				5F73AADF2988ED7E00AFB2A7 /* main.swift in Sources */,
				5F73AAE82988EE9100AFB2A7 /* MathCalculator.swift in Sources */,
			);
			runOnlyForDeploymentPostprocessing = 0;
		};
		5F73AAEA2988EFED00AFB2A7 /* Sources */ = {
			isa = PBXSourcesBuildPhase;
			buildActionMask = 2147483647;
			files = (
				5F73AB062988F05800AFB2A7 /* example.swift in Sources */,
				5F73AAF22988EFED00AFB2A7 /* FooFramework.docc in Sources */,
			);
			runOnlyForDeploymentPostprocessing = 0;
		};
		5F73AAF32988EFED00AFB2A7 /* Sources */ = {
			isa = PBXSourcesBuildPhase;
			buildActionMask = 2147483647;
			files = (
				5F73AAFD2988EFED00AFB2A7 /* FooFrameworkTests.swift in Sources */,
			);
			runOnlyForDeploymentPostprocessing = 0;
		};
/* End PBXSourcesBuildPhase section */

/* Begin PBXTargetDependency section */
		5F73AAFA2988EFED00AFB2A7 /* PBXTargetDependency */ = {
			isa = PBXTargetDependency;
			target = 5F73AAED2988EFED00AFB2A7 /* FooFramework */;
			targetProxy = 5F73AAF92988EFED00AFB2A7 /* PBXContainerItemProxy */;
		};
/* End PBXTargetDependency section */

/* Begin XCBuildConfiguration section */
		5F73AAE02988ED7E00AFB2A7 /* Debug */ = {
			isa = XCBuildConfiguration;
			buildSettings = {
				ALWAYS_SEARCH_USER_PATHS = NO;
				CLANG_ANALYZER_NONNULL = YES;
				CLANG_ANALYZER_NUMBER_OBJECT_CONVERSION = YES_AGGRESSIVE;
				CLANG_CXX_LANGUAGE_STANDARD = "gnu++20";
				CLANG_ENABLE_MODULES = YES;
				CLANG_ENABLE_OBJC_ARC = YES;
				CLANG_ENABLE_OBJC_WEAK = YES;
				CLANG_WARN_BLOCK_CAPTURE_AUTORELEASING = YES;
				CLANG_WARN_BOOL_CONVERSION = YES;
				CLANG_WARN_COMMA = YES;
				CLANG_WARN_CONSTANT_CONVERSION = YES;
				CLANG_WARN_DEPRECATED_OBJC_IMPLEMENTATIONS = YES;
				CLANG_WARN_DIRECT_OBJC_ISA_USAGE = YES_ERROR;
				CLANG_WARN_DOCUMENTATION_COMMENTS = YES;
				CLANG_WARN_EMPTY_BODY = YES;
				CLANG_WARN_ENUM_CONVERSION = YES;
				CLANG_WARN_INFINITE_RECURSION = YES;
				CLANG_WARN_INT_CONVERSION = YES;
				CLANG_WARN_NON_LITERAL_NULL_CONVERSION = YES;
				CLANG_WARN_OBJC_IMPLICIT_RETAIN_SELF = YES;
				CLANG_WARN_OBJC_LITERAL_CONVERSION = YES;
				CLANG_WARN_OBJC_ROOT_CLASS = YES_ERROR;
				CLANG_WARN_QUOTED_INCLUDE_IN_FRAMEWORK_HEADER = YES;
				CLANG_WARN_RANGE_LOOP_ANALYSIS = YES;
				CLANG_WARN_STRICT_PROTOTYPES = YES;
				CLANG_WARN_SUSPICIOUS_MOVE = YES;
				CLANG_WARN_UNGUARDED_AVAILABILITY = YES_AGGRESSIVE;
				CLANG_WARN_UNREACHABLE_CODE = YES;
				CLANG_WARN__DUPLICATE_METHOD_MATCH = YES;
				COPY_PHASE_STRIP = NO;
				DEBUG_INFORMATION_FORMAT = dwarf;
				ENABLE_STRICT_OBJC_MSGSEND = YES;
				ENABLE_TESTABILITY = YES;
				GCC_C_LANGUAGE_STANDARD = gnu11;
				GCC_DYNAMIC_NO_PIC = NO;
				GCC_NO_COMMON_BLOCKS = YES;
				GCC_OPTIMIZATION_LEVEL = 0;
				GCC_PREPROCESSOR_DEFINITIONS = (
					"DEBUG=1",
					"$(inherited)",
				);
				GCC_WARN_64_TO_32_BIT_CONVERSION = YES;
				GCC_WARN_ABOUT_RETURN_TYPE = YES_ERROR;
				GCC_WARN_UNDECLARED_SELECTOR = YES;
				GCC_WARN_UNINITIALIZED_AUTOS = YES_AGGRESSIVE;
				GCC_WARN_UNUSED_FUNCTION = YES;
				GCC_WARN_UNUSED_VARIABLE = YES;
				MACOSX_DEPLOYMENT_TARGET = 13.1;
				MTL_ENABLE_DEBUG_INFO = INCLUDE_SOURCE;
				MTL_FAST_MATH = YES;
				ONLY_ACTIVE_ARCH = YES;
				SDKROOT = macosx;
				SWIFT_ACTIVE_COMPILATION_CONDITIONS = DEBUG;
				SWIFT_OPTIMIZATION_LEVEL = "-Onone";
			};
			name = Debug;
		};
		5F73AAE12988ED7E00AFB2A7 /* Release */ = {
			isa = XCBuildConfiguration;
			buildSettings = {
				ALWAYS_SEARCH_USER_PATHS = NO;
				CLANG_ANALYZER_NONNULL = YES;
				CLANG_ANALYZER_NUMBER_OBJECT_CONVERSION = YES_AGGRESSIVE;
				CLANG_CXX_LANGUAGE_STANDARD = "gnu++20";
				CLANG_ENABLE_MODULES = YES;
				CLANG_ENABLE_OBJC_ARC = YES;
				CLANG_ENABLE_OBJC_WEAK = YES;
				CLANG_WARN_BLOCK_CAPTURE_AUTORELEASING = YES;
				CLANG_WARN_BOOL_CONVERSION = YES;
				CLANG_WARN_COMMA = YES;
				CLANG_WARN_CONSTANT_CONVERSION = YES;
				CLANG_WARN_DEPRECATED_OBJC_IMPLEMENTATIONS = YES;
				CLANG_WARN_DIRECT_OBJC_ISA_USAGE = YES_ERROR;
				CLANG_WARN_DOCUMENTATION_COMMENTS = YES;
				CLANG_WARN_EMPTY_BODY = YES;
				CLANG_WARN_ENUM_CONVERSION = YES;
				CLANG_WARN_INFINITE_RECURSION = YES;
				CLANG_WARN_INT_CONVERSION = YES;
				CLANG_WARN_NON_LITERAL_NULL_CONVERSION = YES;
				CLANG_WARN_OBJC_IMPLICIT_RETAIN_SELF = YES;
				CLANG_WARN_OBJC_LITERAL_CONVERSION = YES;
				CLANG_WARN_OBJC_ROOT_CLASS = YES_ERROR;
				CLANG_WARN_QUOTED_INCLUDE_IN_FRAMEWORK_HEADER = YES;
				CLANG_WARN_RANGE_LOOP_ANALYSIS = YES;
				CLANG_WARN_STRICT_PROTOTYPES = YES;
				CLANG_WARN_SUSPICIOUS_MOVE = YES;
				CLANG_WARN_UNGUARDED_AVAILABILITY = YES_AGGRESSIVE;
				CLANG_WARN_UNREACHABLE_CODE = YES;
				CLANG_WARN__DUPLICATE_METHOD_MATCH = YES;
				COPY_PHASE_STRIP = NO;
				DEBUG_INFORMATION_FORMAT = "dwarf-with-dsym";
				ENABLE_NS_ASSERTIONS = NO;
				ENABLE_STRICT_OBJC_MSGSEND = YES;
				GCC_C_LANGUAGE_STANDARD = gnu11;
				GCC_NO_COMMON_BLOCKS = YES;
				GCC_WARN_64_TO_32_BIT_CONVERSION = YES;
				GCC_WARN_ABOUT_RETURN_TYPE = YES_ERROR;
				GCC_WARN_UNDECLARED_SELECTOR = YES;
				GCC_WARN_UNINITIALIZED_AUTOS = YES_AGGRESSIVE;
				GCC_WARN_UNUSED_FUNCTION = YES;
				GCC_WARN_UNUSED_VARIABLE = YES;
				MACOSX_DEPLOYMENT_TARGET = 13.1;
				MTL_ENABLE_DEBUG_INFO = NO;
				MTL_FAST_MATH = YES;
				SDKROOT = macosx;
				SWIFT_COMPILATION_MODE = wholemodule;
				SWIFT_OPTIMIZATION_LEVEL = "-O";
			};
			name = Release;
		};
		5F73AAE32988ED7E00AFB2A7 /* Debug */ = {
			isa = XCBuildConfiguration;
			buildSettings = {
				CODE_SIGN_STYLE = Automatic;
				PRODUCT_NAME = "$(TARGET_NAME)";
				SWIFT_VERSION = 5.0;
			};
			name = Debug;
		};
		5F73AAE42988ED7E00AFB2A7 /* Release */ = {
			isa = XCBuildConfiguration;
			buildSettings = {
				CODE_SIGN_STYLE = Automatic;
				PRODUCT_NAME = "$(TARGET_NAME)";
				SWIFT_VERSION = 5.0;
			};
			name = Release;
		};
		5F73AB002988EFED00AFB2A7 /* Debug */ = {
			isa = XCBuildConfiguration;
			buildSettings = {
				CODE_SIGN_STYLE = Automatic;
				COMBINE_HIDPI_IMAGES = YES;
				CURRENT_PROJECT_VERSION = 1;
				DEFINES_MODULE = YES;
				DYLIB_COMPATIBILITY_VERSION = 1;
				DYLIB_CURRENT_VERSION = 1;
				DYLIB_INSTALL_NAME_BASE = "@rpath";
				GENERATE_INFOPLIST_FILE = YES;
				INFOPLIST_KEY_NSHumanReadableCopyright = "";
				INSTALL_PATH = "$(LOCAL_LIBRARY_DIR)/Frameworks";
				LD_RUNPATH_SEARCH_PATHS = (
					"$(inherited)",
					"@executable_path/../Frameworks",
					"@loader_path/Frameworks",
				);
				MARKETING_VERSION = 1.0;
				PRODUCT_BUNDLE_IDENTIFIER = test.FooFramework;
				PRODUCT_NAME = "$(TARGET_NAME:c99extidentifier)";
				SKIP_INSTALL = YES;
				SWIFT_EMIT_LOC_STRINGS = YES;
				SWIFT_VERSION = 5.0;
				VERSIONING_SYSTEM = "apple-generic";
				VERSION_INFO_PREFIX = "";
			};
			name = Debug;
		};
		5F73AB012988EFED00AFB2A7 /* Release */ = {
			isa = XCBuildConfiguration;
			buildSettings = {
				CODE_SIGN_STYLE = Automatic;
				COMBINE_HIDPI_IMAGES = YES;
				CURRENT_PROJECT_VERSION = 1;
				DEFINES_MODULE = YES;
				DYLIB_COMPATIBILITY_VERSION = 1;
				DYLIB_CURRENT_VERSION = 1;
				DYLIB_INSTALL_NAME_BASE = "@rpath";
				GENERATE_INFOPLIST_FILE = YES;
				INFOPLIST_KEY_NSHumanReadableCopyright = "";
				INSTALL_PATH = "$(LOCAL_LIBRARY_DIR)/Frameworks";
				LD_RUNPATH_SEARCH_PATHS = (
					"$(inherited)",
					"@executable_path/../Frameworks",
					"@loader_path/Frameworks",
				);
				MARKETING_VERSION = 1.0;
				PRODUCT_BUNDLE_IDENTIFIER = test.FooFramework;
				PRODUCT_NAME = "$(TARGET_NAME:c99extidentifier)";
				SKIP_INSTALL = YES;
				SWIFT_EMIT_LOC_STRINGS = YES;
				SWIFT_VERSION = 5.0;
				VERSIONING_SYSTEM = "apple-generic";
				VERSION_INFO_PREFIX = "";
			};
			name = Release;
		};
		5F73AB032988EFED00AFB2A7 /* Debug */ = {
			isa = XCBuildConfiguration;
			buildSettings = {
				ALWAYS_EMBED_SWIFT_STANDARD_LIBRARIES = YES;
				CODE_SIGN_STYLE = Automatic;
				CURRENT_PROJECT_VERSION = 1;
				GENERATE_INFOPLIST_FILE = YES;
				MARKETING_VERSION = 1.0;
				PRODUCT_BUNDLE_IDENTIFIER = test.FooFrameworkTests;
				PRODUCT_NAME = "$(TARGET_NAME)";
				SWIFT_EMIT_LOC_STRINGS = NO;
				SWIFT_VERSION = 5.0;
			};
			name = Debug;
		};
		5F73AB042988EFED00AFB2A7 /* Release */ = {
			isa = XCBuildConfiguration;
			buildSettings = {
				ALWAYS_EMBED_SWIFT_STANDARD_LIBRARIES = YES;
				CODE_SIGN_STYLE = Automatic;
				CURRENT_PROJECT_VERSION = 1;
				GENERATE_INFOPLIST_FILE = YES;
				MARKETING_VERSION = 1.0;
				PRODUCT_BUNDLE_IDENTIFIER = test.FooFrameworkTests;
				PRODUCT_NAME = "$(TARGET_NAME)";
				SWIFT_EMIT_LOC_STRINGS = NO;
				SWIFT_VERSION = 5.0;
			};
			name = Release;
		};
/* End XCBuildConfiguration section */

/* Begin XCConfigurationList section */
		5F73AAD62988ED7E00AFB2A7 /* Build configuration list for PBXProject "Access control" */ = {
			isa = XCConfigurationList;
			buildConfigurations = (
				5F73AAE02988ED7E00AFB2A7 /* Debug */,
				5F73AAE12988ED7E00AFB2A7 /* Release */,
			);
			defaultConfigurationIsVisible = 0;
			defaultConfigurationName = Release;
		};
		5F73AAE22988ED7E00AFB2A7 /* Build configuration list for PBXNativeTarget "Access control" */ = {
			isa = XCConfigurationList;
			buildConfigurations = (
				5F73AAE32988ED7E00AFB2A7 /* Debug */,
				5F73AAE42988ED7E00AFB2A7 /* Release */,
			);
			defaultConfigurationIsVisible = 0;
			defaultConfigurationName = Release;
		};
		5F73AAFF2988EFED00AFB2A7 /* Build configuration list for PBXNativeTarget "FooFramework" */ = {
			isa = XCConfigurationList;
			buildConfigurations = (
				5F73AB002988EFED00AFB2A7 /* Debug */,
				5F73AB012988EFED00AFB2A7 /* Release */,
			);
			defaultConfigurationIsVisible = 0;
			defaultConfigurationName = Release;
		};
		5F73AB022988EFED00AFB2A7 /* Build configuration list for PBXNativeTarget "FooFrameworkTests" */ = {
			isa = XCConfigurationList;
			buildConfigurations = (
				5F73AB032988EFED00AFB2A7 /* Debug */,
				5F73AB042988EFED00AFB2A7 /* Release */,
			);
			defaultConfigurationIsVisible = 0;
			defaultConfigurationName = Release;
		};
/* End XCConfigurationList section */
	};
	rootObject = 5F73AAD32988ED7E00AFB2A7 /* Project object */;
}
